
Microsoft Visual Studio Solution File, Format Version 12.00
# Visual Studio Version 17
VisualStudioVersion = 17.8.34330.188
MinimumVisualStudioVersion = 10.0.40219.1
Project("{9A19103F-16F7-4668-BE54-9A1E7A4F7556}") = "DesignPatterns", "DesignPatterns.csproj", "{717CC794-2A49-48CC-A7E5-540568A24BAD}"
EndProject
Project("{9A19103F-16F7-4668-BE54-9A1E7A4F7556}") = "DPCode", "..\DPCode\DPCode.csproj", "{4E1A5DA5-436F-4649-9443-E9AFB6893FA3}"
EndProject
Global
	GlobalSection(SolutionConfigurationPlatforms) = preSolution
		Debug|Any CPU = Debug|Any CPU
		Release|Any CPU = Release|Any CPU
	EndGlobalSection
	GlobalSection(ProjectConfigurationPlatforms) = postSolution
		{717CC794-2A49-48CC-A7E5-540568A24BAD}.Debug|Any CPU.ActiveCfg = Debug|Any CPU
		{717CC794-2A49-48CC-A7E5-540568A24BAD}.Debug|Any CPU.Build.0 = Debug|Any CPU
		{717CC794-2A49-48CC-A7E5-540568A24BAD}.Release|Any CPU.ActiveCfg = Release|Any CPU
		{717CC794-2A49-48CC-A7E5-540568A24BAD}.Release|Any CPU.Build.0 = Release|Any CPU
		{4E1A5DA5-436F-4649-9443-E9AFB6893FA3}.Debug|Any CPU.ActiveCfg = Debug|Any CPU
		{4E1A5DA5-436F-4649-9443-E9AFB6893FA3}.Debug|Any CPU.Build.0 = Debug|Any CPU
		{4E1A5DA5-436F-4649-9443-E9AFB6893FA3}.Release|Any CPU.ActiveCfg = Release|Any CPU
		{4E1A5DA5-436F-4649-9443-E9AFB6893FA3}.Release|Any CPU.Build.0 = Release|Any CPU
	EndGlobalSection
	GlobalSection(SolutionProperties) = preSolution
		HideSolutionNode = FALSE
	EndGlobalSection
	GlobalSection(ExtensibilityGlobals) = postSolution
		SolutionGuid = {B4256988-FB3C-4173-A7DD-8861CC7AD074}
	EndGlobalSection
EndGlobal
